
Microsoft Visual Studio Solution File, Format Version 12.00
# Visual Studio 15
VisualStudioVersion = 15.0.28010.2016
MinimumVisualStudioVersion = 10.0.40219.1
Project("{FAE04EC0-301F-11D3-BF4B-00C04F79EFBC}") = "SoccerStats", "SoccerStats\SoccerStats.csproj", "{4FFB685B-04F6-4BF1-B621-269B9DE1C962}"
EndProject
Global
	GlobalSection(SolutionConfigurationPlatforms) = preSolution
		Debug|Any CPU = Debug|Any CPU
		Release|Any CPU = Release|Any CPU
	EndGlobalSection
	GlobalSection(ProjectConfigurationPlatforms) = postSolution
		{4FFB685B-04F6-4BF1-B621-269B9DE1C962}.Debug|Any CPU.ActiveCfg = Debug|Any CPU
		{4FFB685B-04F6-4BF1-B621-269B9DE1C962}.Debug|Any CPU.Build.0 = Debug|Any CPU
		{4FFB685B-04F6-4BF1-B621-269B9DE1C962}.Release|Any CPU.ActiveCfg = Release|Any CPU
		{4FFB685B-04F6-4BF1-B621-269B9DE1C962}.Release|Any CPU.Build.0 = Release|Any CPU
	EndGlobalSection
	GlobalSection(SolutionProperties) = preSolution
		HideSolutionNode = FALSE
	EndGlobalSection
	GlobalSection(ExtensibilityGlobals) = postSolution
		SolutionGuid = {A6652973-2B4A-4A6B-9E20-6CB2D8958FFA}
	EndGlobalSection
EndGlobal
